{
  "name": "sevmeta",
  "version": "0.0.0",
  "lockfileVersion": 3,
  "requires": true,
  "packages": {
    "": {
      "name": "sevmeta",
      "version": "0.0.0",
      "dependencies": {
        "@formspree/react": "^3.0.0",
        "@supabase/supabase-js": "^2.103.3",
        "@tiptap/extension-image": "^3.22.3",
        "@tiptap/pm": "^3.22.3",
        "@tiptap/react": "^3.22.3",
        "@tiptap/starter-kit": "^3.22.3",
        "lucide-react": "^0.562.0",
        "react": "^19.2.0",
        "react-dom": "^19.2.0",
        "react-router-dom": "^6.30.3"
      },
      "devDependencies": {
        "@eslint/js": "^9.39.1",
        "@tailwindcss/postcss": "^4.1.18",
        "@types/react": "^19.2.5",
        "@types/react-dom": "^19.2.3",
        "@vitejs/plugin-react": "^5.1.1",
        "autoprefixer": "^10.4.23",
        "eslint": "^9.39.1",
        "eslint-plugin-react-hooks": "^7.0.1",
        "eslint-plugin-react-refresh": "^0.4.24",
        "globals": "^16.5.0",
        "init": "^0.1.2",
        "npm": "^11.7.0",
        "postcss": "^8.5.6",
        "tailwindcss": "^4.1.18",
        "vite": "^7.2.4"
      }
    },
    "node_modules/@floating-ui/dom": {
      "version": "1.7.6",
      "resolved": "https://registry.npmjs.org/@floating-ui/dom/-/dom-1.7.6.tgz",
      "integrity": "sha512-JLYp8m4c1qwT9pqN0gZwI+MvSuWcOyL7o8qU3XJcAl9MstIpEp5f1nkxVf1Sj8qCn6N3f5pBN3gvmL3XZgwVA==",
      "license": "MIT",
      "optional": true,
      "dependencies": {
        "@floating-ui/core": "^1.7.5"
      }
    }
  }
}
